adduser=3.113+nmu3ubuntu4
apt=1.2.35
base-files=9.4ubuntu4.13
base-passwd=3.5.39
bash=4.3-14ubuntu1.4
binutils=2.26.1-1ubuntu1~16.04.8
bsdutils=1:2.27.1-6ubuntu3.10
build-essential=12.1ubuntu2
bzip2=1.0.6-8ubuntu0.2
ca-certificates=20210119~16.04.1
cmake=3.5.1-1ubuntu3
cmake-data=3.5.1-1ubuntu3
coreutils=8.25-2ubuntu3~16.04
cpp=4:5.3.1-1ubuntu1
cpp-5=5.4.0-6ubuntu1~16.04.12
curl=7.47.0-1ubuntu2.19
dash=0.5.8-2.1ubuntu2
debconf=1.5.58ubuntu2
debianutils=4.7
diffutils=1:3.3-3
dpkg=1.18.4ubuntu1.7
dpkg-dev=1.18.4ubuntu1.7
e2fslibs=1.42.13-1ubuntu1.2
e2fsprogs=1.42.13-1ubuntu1.2
findutils=4.6.0+git+20160126-2
g++=4:5.3.1-1ubuntu1
g++-5=5.4.0-6ubuntu1~16.04.12
gcc=4:5.3.1-1ubuntu1
gcc-5=5.4.0-6ubuntu1~16.04.12
gcc-5-base=5.4.0-6ubuntu1~16.04.12
gcc-6-base=6.0.1-0ubuntu1
gnupg=1.4.20-1ubuntu3.3
gpgv=1.4.20-1ubuntu3.3
grep=2.25-1~16.04.1
gzip=1.6-4ubuntu1
hostname=3.16ubuntu2
init=1.29ubuntu4
init-system-helpers=1.29ubuntu4
initscripts=2.88dsf-59.3ubuntu2
insserv=1.14.0-5ubuntu3
libacl1=2.2.52-3
libapparmor1=2.10.95-0ubuntu2.11
libapt-pkg5.0=1.2.35
libarchive13=3.1.2-11ubuntu0.16.04.8
libasan2=5.4.0-6ubuntu1~16.04.12
libasn1-8-heimdal=1.7~git20150920+dfsg-4ubuntu1.16.04.1
libatomic1=5.4.0-6ubuntu1~16.04.12
libattr1=1:2.4.47-2
libaudit-common=1:2.4.5-1ubuntu2.1
libaudit1=1:2.4.5-1ubuntu2.1
libblkid1=2.27.1-6ubuntu3.10
libbz2-1.0=1.0.6-8ubuntu0.2
libc-bin=2.23-0ubuntu11.3
libc-dev-bin=2.23-0ubuntu11.3
libc6=2.23-0ubuntu11.3
libc6-dev=2.23-0ubuntu11.3
libcap2=1:2.24-12
libcap2-bin=1:2.24-12
libcc1-0=5.4.0-6ubuntu1~16.04.12
libcilkrts5=5.4.0-6ubuntu1~16.04.12
libcomerr2=1.42.13-1ubuntu1.2
libcryptsetup4=2:1.6.6-5ubuntu2.1
libcurl3=7.47.0-1ubuntu2.19
libcurl3-gnutls=7.47.0-1ubuntu2.19
libdb5.3=5.3.28-11ubuntu0.2
libdebconfclient0=0.198ubuntu1
libdevmapper1.02.1=2:1.02.110-1ubuntu10
libdpkg-perl=1.18.4ubuntu1.7
libexpat1=2.1.0-7ubuntu0.16.04.5
libfdisk1=2.27.1-6ubuntu3.10
libffi6=3.2.1-4
libgcc-5-dev=5.4.0-6ubuntu1~16.04.12
libgcc1=1:6.0.1-0ubuntu1
libgcrypt20=1.6.5-2ubuntu0.6
libgdbm3=1.8.3-13.1
libgmp-dev=2:6.1.0+dfsg-2
libgmp10=2:6.1.0+dfsg-2
libgmpxx4ldbl=2:6.1.0+dfsg-2
libgnutls30=3.4.10-4ubuntu1.9
libgomp1=5.4.0-6ubuntu1~16.04.12
libgpg-error0=1.21-2ubuntu1
libgssapi-krb5-2=1.13.2+dfsg-5ubuntu2.2
libgssapi3-heimdal=1.7~git20150920+dfsg-4ubuntu1.16.04.1
libhcrypto4-heimdal=1.7~git20150920+dfsg-4ubuntu1.16.04.1
libheimbase1-heimdal=1.7~git20150920+dfsg-4ubuntu1.16.04.1
libheimntlm0-heimdal=1.7~git20150920+dfsg-4ubuntu1.16.04.1
libhogweed4=3.2-1ubuntu0.16.04.2
libhx509-5-heimdal=1.7~git20150920+dfsg-4ubuntu1.16.04.1
libicu55=55.1-7ubuntu0.5
libidn11=1.32-3ubuntu1.2
libisl15=0.16.1-1
libitm1=5.4.0-6ubuntu1~16.04.12
libjsoncpp1=1.7.2-1
libk5crypto3=1.13.2+dfsg-5ubuntu2.2
libkeyutils1=1.5.9-8ubuntu1
libkmod2=22-1ubuntu5.2
libkrb5-26-heimdal=1.7~git20150920+dfsg-4ubuntu1.16.04.1
libkrb5-3=1.13.2+dfsg-5ubuntu2.2
libkrb5support0=1.13.2+dfsg-5ubuntu2.2
libldap-2.4-2=2.4.42+dfsg-2ubuntu3.13
liblsan0=5.4.0-6ubuntu1~16.04.12
liblz4-1=0.0~r131-2ubuntu2
liblzma5=5.1.1alpha+20120614-2ubuntu2
liblzo2-2=2.08-1.2
libmount1=2.27.1-6ubuntu3.10
libmpc3=1.0.3-1
libmpfr-dev=3.1.4-1
libmpfr4=3.1.4-1
libmpx0=5.4.0-6ubuntu1~16.04.12
libncurses5=6.0+20160213-1ubuntu1
libncursesw5=6.0+20160213-1ubuntu1
libnettle6=3.2-1ubuntu0.16.04.2
libp11-kit0=0.23.2-5~ubuntu16.04.2
libpam-modules=1.1.8-3.2ubuntu2.3
libpam-modules-bin=1.1.8-3.2ubuntu2.3
libpam-runtime=1.1.8-3.2ubuntu2.3
libpam0g=1.1.8-3.2ubuntu2.3
libpcre3=2:8.38-3.1
libperl5.22=5.22.1-9ubuntu0.9
libprocps4=2:3.3.10-4ubuntu2.5
libpython-stdlib=2.7.12-1~16.04
libpython2.7-minimal=2.7.12-1ubuntu0~16.04.18
libpython2.7-stdlib=2.7.12-1ubuntu0~16.04.18
libquadmath0=5.4.0-6ubuntu1~16.04.12
libreadline6=6.3-8ubuntu2
libroken18-heimdal=1.7~git20150920+dfsg-4ubuntu1.16.04.1
librtmp1=2.4+20151223.gitfa8646d-1ubuntu0.1
libsasl2-2=2.1.26.dfsg1-14ubuntu0.2
libsasl2-modules-db=2.1.26.dfsg1-14ubuntu0.2
libseccomp2=2.5.1-1ubuntu1~16.04.1
libselinux1=2.4-3build2
libsemanage-common=2.3-1build3
libsemanage1=2.3-1build3
libsepol1=2.4-2
libsmartcols1=2.27.1-6ubuntu3.10
libsqlite3-0=3.11.0-1ubuntu1.5
libss2=1.42.13-1ubuntu1.2
libssl1.0.0=1.0.2g-1ubuntu4.20
libstdc++-5-dev=5.4.0-6ubuntu1~16.04.12
libstdc++6=5.4.0-6ubuntu1~16.04.12
libsystemd0=229-4ubuntu21.31
libtasn1-6=4.7-3ubuntu0.16.04.3
libtinfo5=6.0+20160213-1ubuntu1
libtsan0=5.4.0-6ubuntu1~16.04.12
libubsan0=5.4.0-6ubuntu1~16.04.12
libudev1=229-4ubuntu21.31
libusb-0.1-4=2:0.1.12-28
libustr-1.0-1=1.0.4-5
libuuid1=2.27.1-6ubuntu3.10
libwind0-heimdal=1.7~git20150920+dfsg-4ubuntu1.16.04.1
libxml2=2.9.3+dfsg1-1ubuntu0.7
libzstd1=1.3.1+dfsg-1~ubuntu0.16.04.1
linux-libc-dev=4.4.0-210.242
login=1:4.2-3.1ubuntu5.4
lsb-base=9.20160110ubuntu0.2
make=4.1-6
makedev=2.3.1-93ubuntu2~ubuntu16.04.1
mawk=1.3.3-17ubuntu2
mime-support=3.59ubuntu1
mount=2.27.1-6ubuntu3.10
multiarch-support=2.23-0ubuntu11.3
ncurses-base=6.0+20160213-1ubuntu1
ncurses-bin=6.0+20160213-1ubuntu1
openssl=1.0.2g-1ubuntu4.20
passwd=1:4.2-3.1ubuntu5.4
patch=2.7.5-1ubuntu0.16.04.2
perl=5.22.1-9ubuntu0.9
perl-base=5.22.1-9ubuntu0.9
perl-modules-5.22=5.22.1-9ubuntu0.9
procps=2:3.3.10-4ubuntu2.5
python=2.7.12-1~16.04
python-minimal=2.7.12-1~16.04
python2.7=2.7.12-1ubuntu0~16.04.18
python2.7-minimal=2.7.12-1ubuntu0~16.04.18
readline-common=6.3-8ubuntu2
sed=4.2.2-7
sensible-utils=0.0.9ubuntu0.16.04.1
systemd=229-4ubuntu21.31
systemd-sysv=229-4ubuntu21.31
sysv-rc=2.88dsf-59.3ubuntu2
sysvinit-utils=2.88dsf-59.3ubuntu2
tar=1.28-2.1ubuntu0.2
ubuntu-keyring=2012.05.19.1
util-linux=2.27.1-6ubuntu3.10
xz-utils=5.1.1alpha+20120614-2ubuntu2
zlib1g=1:1.2.8.dfsg-2ubuntu4.3
zlib1g-dev=1:1.2.8.dfsg-2ubuntu4.3
